
Microsoft Visual Studio Solution File, Format Version 12.00
# Visual Studio Version 17
VisualStudioVersion = 17.3.32929.385
MinimumVisualStudioVersion = 10.0.40219.1
Project("{FAE04EC0-301F-11D3-BF4B-00C04F79EFBC}") = "Oli_Elain_Esimerkki", "Oli_Elain_Esimerkki\Oli_Elain_Esimerkki.csproj", "{B61E9A41-F33D-43C8-9EC2-AC921AF273B8}"
EndProject
Global
	GlobalSection(SolutionConfigurationPlatforms) = preSolution
		Debug|Any CPU = Debug|Any CPU
		Release|Any CPU = Release|Any CPU
	EndGlobalSection
	GlobalSection(ProjectConfigurationPlatforms) = postSolution
		{B61E9A41-F33D-43C8-9EC2-AC921AF273B8}.Debug|Any CPU.ActiveCfg = Debug|Any CPU
		{B61E9A41-F33D-43C8-9EC2-AC921AF273B8}.Debug|Any CPU.Build.0 = Debug|Any CPU
		{B61E9A41-F33D-43C8-9EC2-AC921AF273B8}.Release|Any CPU.ActiveCfg = Release|Any CPU
		{B61E9A41-F33D-43C8-9EC2-AC921AF273B8}.Release|Any CPU.Build.0 = Release|Any CPU
	EndGlobalSection
	GlobalSection(SolutionProperties) = preSolution
		HideSolutionNode = FALSE
	EndGlobalSection
	GlobalSection(ExtensibilityGlobals) = postSolution
		SolutionGuid = {C23484C8-73D1-4750-B701-E1959D902A21}
	EndGlobalSection
EndGlobal
